
Microsoft Visual Studio Solution File, Format Version 12.00
# Visual Studio Version 17
VisualStudioVersion = 17.12.35527.113
MinimumVisualStudioVersion = 10.0.40219.1
Project("{8BC9CEB8-8B4A-11D0-8D11-00A0C91BC942}") = "TheClassroom", "TheClassroom\TheClassroom.vcxproj", "{641B747A-DC74-4604-87AA-EBE6A2F73DDC}"
EndProject
Project("{8BC9CEB8-8B4A-11D0-8D11-00A0C91BC942}") = "lastOddsNEnds_1", "lastOddsNEnds\lastOddsNEnds.vcxproj", "{BE2210CE-27FB-4C5A-8126-2ED179CBF0FB}"
EndProject
Project("{8BC9CEB8-8B4A-11D0-8D11-00A0C91BC942}") = "lastOddsNEnds_2", "lastOddsNEnds_2\lastOddsNEnds_2.vcxproj", "{20200061-D212-42D1-8869-D2ED7C742AF9}"
EndProject
Project("{8BC9CEB8-8B4A-11D0-8D11-00A0C91BC942}") = "lastOddsNEnds_3", "lastOddsNEnds_3\lastOddsNEnds_3.vcxproj", "{5AF3D0A0-A96C-4380-8255-8D90DF5684BD}"
EndProject
Global
	GlobalSection(SolutionConfigurationPlatforms) = preSolution
		Debug|x64 = Debug|x64
		Debug|x86 = Debug|x86
		Release|x64 = Release|x64
		Release|x86 = Release|x86
	EndGlobalSection
	GlobalSection(ProjectConfigurationPlatforms) = postSolution
		{641B747A-DC74-4604-87AA-EBE6A2F73DDC}.Debug|x64.ActiveCfg = Debug|x64
		{641B747A-DC74-4604-87AA-EBE6A2F73DDC}.Debug|x64.Build.0 = Debug|x64
		{641B747A-DC74-4604-87AA-EBE6A2F73DDC}.Debug|x86.ActiveCfg = Debug|Win32
		{641B747A-DC74-4604-87AA-EBE6A2F73DDC}.Debug|x86.Build.0 = Debug|Win32
		{641B747A-DC74-4604-87AA-EBE6A2F73DDC}.Release|x64.ActiveCfg = Release|x64
		{641B747A-DC74-4604-87AA-EBE6A2F73DDC}.Release|x64.Build.0 = Release|x64
		{641B747A-DC74-4604-87AA-EBE6A2F73DDC}.Release|x86.ActiveCfg = Release|Win32
		{641B747A-DC74-4604-87AA-EBE6A2F73DDC}.Release|x86.Build.0 = Release|Win32
		{BE2210CE-27FB-4C5A-8126-2ED179CBF0FB}.Debug|x64.ActiveCfg = Debug|x64
		{BE2210CE-27FB-4C5A-8126-2ED179CBF0FB}.Debug|x64.Build.0 = Debug|x64
		{BE2210CE-27FB-4C5A-8126-2ED179CBF0FB}.Debug|x86.ActiveCfg = Debug|Win32
		{BE2210CE-27FB-4C5A-8126-2ED179CBF0FB}.Debug|x86.Build.0 = Debug|Win32
		{BE2210CE-27FB-4C5A-8126-2ED179CBF0FB}.Release|x64.ActiveCfg = Release|x64
		{BE2210CE-27FB-4C5A-8126-2ED179CBF0FB}.Release|x64.Build.0 = Release|x64
		{BE2210CE-27FB-4C5A-8126-2ED179CBF0FB}.Release|x86.ActiveCfg = Release|Win32
		{BE2210CE-27FB-4C5A-8126-2ED179CBF0FB}.Release|x86.Build.0 = Release|Win32
		{20200061-D212-42D1-8869-D2ED7C742AF9}.Debug|x64.ActiveCfg = Debug|x64
		{20200061-D212-42D1-8869-D2ED7C742AF9}.Debug|x64.Build.0 = Debug|x64
		{20200061-D212-42D1-8869-D2ED7C742AF9}.Debug|x86.ActiveCfg = Debug|Win32
		{20200061-D212-42D1-8869-D2ED7C742AF9}.Debug|x86.Build.0 = Debug|Win32
		{20200061-D212-42D1-8869-D2ED7C742AF9}.Release|x64.ActiveCfg = Release|x64
		{20200061-D212-42D1-8869-D2ED7C742AF9}.Release|x64.Build.0 = Release|x64
		{20200061-D212-42D1-8869-D2ED7C742AF9}.Release|x86.ActiveCfg = Release|Win32
		{20200061-D212-42D1-8869-D2ED7C742AF9}.Release|x86.Build.0 = Release|Win32
		{5AF3D0A0-A96C-4380-8255-8D90DF5684BD}.Debug|x64.ActiveCfg = Debug|x64
		{5AF3D0A0-A96C-4380-8255-8D90DF5684BD}.Debug|x64.Build.0 = Debug|x64
		{5AF3D0A0-A96C-4380-8255-8D90DF5684BD}.Debug|x86.ActiveCfg = Debug|Win32
		{5AF3D0A0-A96C-4380-8255-8D90DF5684BD}.Debug|x86.Build.0 = Debug|Win32
		{5AF3D0A0-A96C-4380-8255-8D90DF5684BD}.Release|x64.ActiveCfg = Release|x64
		{5AF3D0A0-A96C-4380-8255-8D90DF5684BD}.Release|x64.Build.0 = Release|x64
		{5AF3D0A0-A96C-4380-8255-8D90DF5684BD}.Release|x86.ActiveCfg = Release|Win32
		{5AF3D0A0-A96C-4380-8255-8D90DF5684BD}.Release|x86.Build.0 = Release|Win32
	EndGlobalSection
	GlobalSection(SolutionProperties) = preSolution
		HideSolutionNode = FALSE
	EndGlobalSection
EndGlobal
